Microsoft Visual Studio Solution File, Format Version 7.00
Project("{8BC9CEB8-8B4A-11D0-8D11-00A0C91BC942}") = "ixtmfc32", "..\Ixtmfc50.vcproj", "{9FF66B8E-7C87-400C-ABB9-739E1F0707B1}"
EndProject
Project("{8BC9CEB8-8B4A-11D0-8D11-00A0C91BC942}") = "Ixtatl50", "..\Ixtatl50.vcproj", "{9B9ADC98-B064-46BF-B401-A8BA6F0E2439}"
EndProject
Project("{8BC9CEB8-8B4A-11D0-8D11-00A0C91BC942}") = "ixtnsn32", "..\Ixtnsn42.vcproj", "{FBC073DD-FB2E-4B1E-A51A-99FDD4D6EFBC}"
EndProject
Global
	GlobalSection(SolutionConfiguration) = preSolution
		ConfigName.0 = Debug
		ConfigName.1 = Debug ATL Base
		ConfigName.2 = Debug New
		ConfigName.3 = Debug WTL
		ConfigName.4 = Release
		ConfigName.5 = Release ATL Base
		ConfigName.6 = Release New
		ConfigName.7 = Release WTL
	EndGlobalSection
	GlobalSection(ProjectDependencies) = postSolution
	EndGlobalSection
	GlobalSection(ProjectConfiguration) = postSolution
		{9FF66B8E-7C87-400C-ABB9-739E1F0707B1}.Debug.ActiveCfg = Debug New|Win32
		{9FF66B8E-7C87-400C-ABB9-739E1F0707B1}.Debug.Build.0 = Debug New|Win32
		{9FF66B8E-7C87-400C-ABB9-739E1F0707B1}.Debug ATL Base.ActiveCfg = Debug New|Win32
		{9FF66B8E-7C87-400C-ABB9-739E1F0707B1}.Debug ATL Base.Build.0 = Debug New|Win32
		{9FF66B8E-7C87-400C-ABB9-739E1F0707B1}.Debug New.ActiveCfg = Debug New|Win32
		{9FF66B8E-7C87-400C-ABB9-739E1F0707B1}.Debug New.Build.0 = Debug New|Win32
		{9FF66B8E-7C87-400C-ABB9-739E1F0707B1}.Debug WTL.ActiveCfg = Debug New|Win32
		{9FF66B8E-7C87-400C-ABB9-739E1F0707B1}.Debug WTL.Build.0 = Debug New|Win32
		{9FF66B8E-7C87-400C-ABB9-739E1F0707B1}.Release.ActiveCfg = Release New|Win32
		{9FF66B8E-7C87-400C-ABB9-739E1F0707B1}.Release.Build.0 = Release New|Win32
		{9FF66B8E-7C87-400C-ABB9-739E1F0707B1}.Release ATL Base.ActiveCfg = Release New|Win32
		{9FF66B8E-7C87-400C-ABB9-739E1F0707B1}.Release ATL Base.Build.0 = Release New|Win32
		{9FF66B8E-7C87-400C-ABB9-739E1F0707B1}.Release New.ActiveCfg = Release New|Win32
		{9FF66B8E-7C87-400C-ABB9-739E1F0707B1}.Release New.Build.0 = Release New|Win32
		{9FF66B8E-7C87-400C-ABB9-739E1F0707B1}.Release WTL.ActiveCfg = Release New|Win32
		{9FF66B8E-7C87-400C-ABB9-739E1F0707B1}.Release WTL.Build.0 = Release New|Win32
		{9B9ADC98-B064-46BF-B401-A8BA6F0E2439}.Debug.ActiveCfg = Debug|Win32
		{9B9ADC98-B064-46BF-B401-A8BA6F0E2439}.Debug.Build.0 = Debug|Win32
		{9B9ADC98-B064-46BF-B401-A8BA6F0E2439}.Debug ATL Base.ActiveCfg = Debug WTL|Win32
		{9B9ADC98-B064-46BF-B401-A8BA6F0E2439}.Debug ATL Base.Build.0 = Debug WTL|Win32
		{9B9ADC98-B064-46BF-B401-A8BA6F0E2439}.Debug New.ActiveCfg = Debug WTL|Win32
		{9B9ADC98-B064-46BF-B401-A8BA6F0E2439}.Debug New.Build.0 = Debug WTL|Win32
		{9B9ADC98-B064-46BF-B401-A8BA6F0E2439}.Debug WTL.ActiveCfg = Debug WTL|Win32
		{9B9ADC98-B064-46BF-B401-A8BA6F0E2439}.Debug WTL.Build.0 = Debug WTL|Win32
		{9B9ADC98-B064-46BF-B401-A8BA6F0E2439}.Release.ActiveCfg = Release|Win32
		{9B9ADC98-B064-46BF-B401-A8BA6F0E2439}.Release.Build.0 = Release|Win32
		{9B9ADC98-B064-46BF-B401-A8BA6F0E2439}.Release ATL Base.ActiveCfg = Release WTL|Win32
		{9B9ADC98-B064-46BF-B401-A8BA6F0E2439}.Release ATL Base.Build.0 = Release WTL|Win32
		{9B9ADC98-B064-46BF-B401-A8BA6F0E2439}.Release New.ActiveCfg = Release WTL|Win32
		{9B9ADC98-B064-46BF-B401-A8BA6F0E2439}.Release New.Build.0 = Release WTL|Win32
		{9B9ADC98-B064-46BF-B401-A8BA6F0E2439}.Release WTL.ActiveCfg = Release WTL|Win32
		{9B9ADC98-B064-46BF-B401-A8BA6F0E2439}.Release WTL.Build.0 = Release WTL|Win32
		{FBC073DD-FB2E-4B1E-A51A-99FDD4D6EFBC}.Debug.ActiveCfg = Debug ATL Base|Win32
		{FBC073DD-FB2E-4B1E-A51A-99FDD4D6EFBC}.Debug.Build.0 = Debug ATL Base|Win32
		{FBC073DD-FB2E-4B1E-A51A-99FDD4D6EFBC}.Debug ATL Base.ActiveCfg = Debug ATL Base|Win32
		{FBC073DD-FB2E-4B1E-A51A-99FDD4D6EFBC}.Debug ATL Base.Build.0 = Debug ATL Base|Win32
		{FBC073DD-FB2E-4B1E-A51A-99FDD4D6EFBC}.Debug New.ActiveCfg = Debug New|Win32
		{FBC073DD-FB2E-4B1E-A51A-99FDD4D6EFBC}.Debug New.Build.0 = Debug New|Win32
		{FBC073DD-FB2E-4B1E-A51A-99FDD4D6EFBC}.Debug WTL.ActiveCfg = Debug ATL Base|Win32
		{FBC073DD-FB2E-4B1E-A51A-99FDD4D6EFBC}.Debug WTL.Build.0 = Debug ATL Base|Win32
		{FBC073DD-FB2E-4B1E-A51A-99FDD4D6EFBC}.Release.ActiveCfg = Release ATL Base|Win32
		{FBC073DD-FB2E-4B1E-A51A-99FDD4D6EFBC}.Release.Build.0 = Release ATL Base|Win32
		{FBC073DD-FB2E-4B1E-A51A-99FDD4D6EFBC}.Release ATL Base.ActiveCfg = Release ATL Base|Win32
		{FBC073DD-FB2E-4B1E-A51A-99FDD4D6EFBC}.Release ATL Base.Build.0 = Release ATL Base|Win32
		{FBC073DD-FB2E-4B1E-A51A-99FDD4D6EFBC}.Release New.ActiveCfg = Release New|Win32
		{FBC073DD-FB2E-4B1E-A51A-99FDD4D6EFBC}.Release New.Build.0 = Release New|Win32
		{FBC073DD-FB2E-4B1E-A51A-99FDD4D6EFBC}.Release WTL.ActiveCfg = Release ATL Base|Win32
		{FBC073DD-FB2E-4B1E-A51A-99FDD4D6EFBC}.Release WTL.Build.0 = Release ATL Base|Win32
	EndGlobalSection
	GlobalSection(ExtensibilityGlobals) = postSolution
	EndGlobalSection
	GlobalSection(ExtensibilityAddIns) = postSolution
	EndGlobalSection
EndGlobal
