Microsoft Visual Studio Solution File, Format Version 8.00
Project("{8BC9CEB8-8B4A-11D0-8D11-00A0C91BC942}") = "CopyDLK2", "CopyDLK2.vcproj", "{56C0433E-BCA5-4829-80F7-E77DA6BA1F95}"
	ProjectSection(ProjectDependencies) = postProject
	EndProjectSection
EndProject
Project("{8BC9CEB8-8B4A-11D0-8D11-00A0C91BC942}") = "CopyDLKW", "..\CopyDLKW\CopyDLKW.vcproj", "{FB011653-2F42-4768-AF13-8EF1F1F9ED98}"
	ProjectSection(ProjectDependencies) = postProject
	EndProjectSection
EndProject
Project("{8BC9CEB8-8B4A-11D0-8D11-00A0C91BC942}") = "ospace", "..\..\Toolkit\ospace\Ospace\ospace\ospace.vcproj", "{5F1F5D2C-4916-47D5-98F5-F97568DBC35E}"
	ProjectSection(ProjectDependencies) = postProject
	EndProjectSection
EndProject
Project("{54435603-DBB4-11D2-8724-00A0C9A8B90C}") = "CopyDLK", "Setup\Setup.vdproj", "{BE9F521B-D203-4485-8694-AA3E5DECD056}"
	ProjectSection(ProjectDependencies) = postProject
	EndProjectSection
EndProject
Global
	GlobalSection(SolutionConfiguration) = preSolution
		all = all
		All Ascii = All Ascii
		All MFC Ascii = All MFC Ascii
		All MFC Unicode = All MFC Unicode
		All No MFC Ascii = All No MFC Ascii
		All No MFC Unicode = All No MFC Unicode
		All Unicode = All Unicode
		ansi_all = ansi_all
		ansi_stingraydll_afxdll_dbg = ansi_stingraydll_afxdll_dbg
		ansi_stingraydll_afxdll_rel = ansi_stingraydll_afxdll_rel
		ansi_stingraylib_afxdll_dbg = ansi_stingraylib_afxdll_dbg
		ansi_stingraylib_afxdll_rel = ansi_stingraylib_afxdll_rel
		ansi_stingraylib_afxlib_dbg = ansi_stingraylib_afxlib_dbg
		ansi_stingraylib_afxlib_rel = ansi_stingraylib_afxlib_rel
		Debug = Debug
		Dll Debug = Dll Debug
		DLL MFC DLL Debug = DLL MFC DLL Debug
		DLL MFC DLL Release = DLL MFC DLL Release
		DLL MFC DLL Unicode Debug = DLL MFC DLL Unicode Debug
		DLL MFC DLL Unicode Release = DLL MFC DLL Unicode Release
		Dll Release = Dll Release
		Dll Unicode Debug = Dll Unicode Debug
		Dll Unicode Release = Dll Unicode Release
		Lib Debug = Lib Debug
		Lib MFC DLL Debug = Lib MFC DLL Debug
		Lib MFC DLL Release = Lib MFC DLL Release
		Lib MFC DLL Unicode Debug = Lib MFC DLL Unicode Debug
		Lib MFC DLL Unicode Release = Lib MFC DLL Unicode Release
		Lib MFC Lib Debug = Lib MFC Lib Debug
		Lib MFC Lib Release = Lib MFC Lib Release
		Lib MFC Lib Unicode Debug = Lib MFC Lib Unicode Debug
		Lib MFC Lib Unicode Release = Lib MFC Lib Unicode Release
		Lib Release = Lib Release
		Lib Unicode Debug = Lib Unicode Debug
		Lib Unicode Release = Lib Unicode Release
		Release = Release
		uni_all = uni_all
		uni_stingraydll_afxdll_dbg = uni_stingraydll_afxdll_dbg
		uni_stingraydll_afxdll_rel = uni_stingraydll_afxdll_rel
		uni_stingraylib_afxdll_dbg = uni_stingraylib_afxdll_dbg
		uni_stingraylib_afxdll_rel = uni_stingraylib_afxdll_rel
		uni_stingraylib_afxlib_dbg = uni_stingraylib_afxlib_dbg
		uni_stingraylib_afxlib_rel = uni_stingraylib_afxlib_rel
	EndGlobalSection
	GlobalSection(ProjectConfiguration) = postSolution
		{56C0433E-BCA5-4829-80F7-E77DA6BA1F95}.all.ActiveCfg = Debug|Win32
		{56C0433E-BCA5-4829-80F7-E77DA6BA1F95}.all.Build.0 = Debug|Win32
		{56C0433E-BCA5-4829-80F7-E77DA6BA1F95}.All Ascii.ActiveCfg = Debug|Win32
		{56C0433E-BCA5-4829-80F7-E77DA6BA1F95}.All Ascii.Build.0 = Debug|Win32
		{56C0433E-BCA5-4829-80F7-E77DA6BA1F95}.All MFC Ascii.ActiveCfg = Debug|Win32
		{56C0433E-BCA5-4829-80F7-E77DA6BA1F95}.All MFC Ascii.Build.0 = Debug|Win32
		{56C0433E-BCA5-4829-80F7-E77DA6BA1F95}.All MFC Unicode.ActiveCfg = Debug|Win32
		{56C0433E-BCA5-4829-80F7-E77DA6BA1F95}.All MFC Unicode.Build.0 = Debug|Win32
		{56C0433E-BCA5-4829-80F7-E77DA6BA1F95}.All No MFC Ascii.ActiveCfg = Debug|Win32
		{56C0433E-BCA5-4829-80F7-E77DA6BA1F95}.All No MFC Ascii.Build.0 = Debug|Win32
		{56C0433E-BCA5-4829-80F7-E77DA6BA1F95}.All No MFC Unicode.ActiveCfg = Debug|Win32
		{56C0433E-BCA5-4829-80F7-E77DA6BA1F95}.All No MFC Unicode.Build.0 = Debug|Win32
		{56C0433E-BCA5-4829-80F7-E77DA6BA1F95}.All Unicode.ActiveCfg = Debug|Win32
		{56C0433E-BCA5-4829-80F7-E77DA6BA1F95}.All Unicode.Build.0 = Debug|Win32
		{56C0433E-BCA5-4829-80F7-E77DA6BA1F95}.ansi_all.ActiveCfg = Debug|Win32
		{56C0433E-BCA5-4829-80F7-E77DA6BA1F95}.ansi_all.Build.0 = Debug|Win32
		{56C0433E-BCA5-4829-80F7-E77DA6BA1F95}.ansi_stingraydll_afxdll_dbg.ActiveCfg = Debug|Win32
		{56C0433E-BCA5-4829-80F7-E77DA6BA1F95}.ansi_stingraydll_afxdll_dbg.Build.0 = Debug|Win32
		{56C0433E-BCA5-4829-80F7-E77DA6BA1F95}.ansi_stingraydll_afxdll_rel.ActiveCfg = Debug|Win32
		{56C0433E-BCA5-4829-80F7-E77DA6BA1F95}.ansi_stingraydll_afxdll_rel.Build.0 = Debug|Win32
		{56C0433E-BCA5-4829-80F7-E77DA6BA1F95}.ansi_stingraylib_afxdll_dbg.ActiveCfg = Debug|Win32
		{56C0433E-BCA5-4829-80F7-E77DA6BA1F95}.ansi_stingraylib_afxdll_dbg.Build.0 = Debug|Win32
		{56C0433E-BCA5-4829-80F7-E77DA6BA1F95}.ansi_stingraylib_afxdll_rel.ActiveCfg = Debug|Win32
		{56C0433E-BCA5-4829-80F7-E77DA6BA1F95}.ansi_stingraylib_afxdll_rel.Build.0 = Debug|Win32
		{56C0433E-BCA5-4829-80F7-E77DA6BA1F95}.ansi_stingraylib_afxlib_dbg.ActiveCfg = Debug|Win32
		{56C0433E-BCA5-4829-80F7-E77DA6BA1F95}.ansi_stingraylib_afxlib_dbg.Build.0 = Debug|Win32
		{56C0433E-BCA5-4829-80F7-E77DA6BA1F95}.ansi_stingraylib_afxlib_rel.ActiveCfg = Debug|Win32
		{56C0433E-BCA5-4829-80F7-E77DA6BA1F95}.ansi_stingraylib_afxlib_rel.Build.0 = Debug|Win32
		{56C0433E-BCA5-4829-80F7-E77DA6BA1F95}.Debug.ActiveCfg = Debug|Win32
		{56C0433E-BCA5-4829-80F7-E77DA6BA1F95}.Debug.Build.0 = Debug|Win32
		{56C0433E-BCA5-4829-80F7-E77DA6BA1F95}.Dll Debug.ActiveCfg = Debug|Win32
		{56C0433E-BCA5-4829-80F7-E77DA6BA1F95}.Dll Debug.Build.0 = Debug|Win32
		{56C0433E-BCA5-4829-80F7-E77DA6BA1F95}.DLL MFC DLL Debug.ActiveCfg = Debug|Win32
		{56C0433E-BCA5-4829-80F7-E77DA6BA1F95}.DLL MFC DLL Debug.Build.0 = Debug|Win32
		{56C0433E-BCA5-4829-80F7-E77DA6BA1F95}.DLL MFC DLL Release.ActiveCfg = Release|Win32
		{56C0433E-BCA5-4829-80F7-E77DA6BA1F95}.DLL MFC DLL Release.Build.0 = Release|Win32
		{56C0433E-BCA5-4829-80F7-E77DA6BA1F95}.DLL MFC DLL Unicode Debug.ActiveCfg = Debug|Win32
		{56C0433E-BCA5-4829-80F7-E77DA6BA1F95}.DLL MFC DLL Unicode Debug.Build.0 = Debug|Win32
		{56C0433E-BCA5-4829-80F7-E77DA6BA1F95}.DLL MFC DLL Unicode Release.ActiveCfg = Release|Win32
		{56C0433E-BCA5-4829-80F7-E77DA6BA1F95}.DLL MFC DLL Unicode Release.Build.0 = Release|Win32
		{56C0433E-BCA5-4829-80F7-E77DA6BA1F95}.Dll Release.ActiveCfg = Release|Win32
		{56C0433E-BCA5-4829-80F7-E77DA6BA1F95}.Dll Release.Build.0 = Release|Win32
		{56C0433E-BCA5-4829-80F7-E77DA6BA1F95}.Dll Unicode Debug.ActiveCfg = Debug|Win32
		{56C0433E-BCA5-4829-80F7-E77DA6BA1F95}.Dll Unicode Debug.Build.0 = Debug|Win32
		{56C0433E-BCA5-4829-80F7-E77DA6BA1F95}.Dll Unicode Release.ActiveCfg = Release|Win32
		{56C0433E-BCA5-4829-80F7-E77DA6BA1F95}.Dll Unicode Release.Build.0 = Release|Win32
		{56C0433E-BCA5-4829-80F7-E77DA6BA1F95}.Lib Debug.ActiveCfg = Debug|Win32
		{56C0433E-BCA5-4829-80F7-E77DA6BA1F95}.Lib Debug.Build.0 = Debug|Win32
		{56C0433E-BCA5-4829-80F7-E77DA6BA1F95}.Lib MFC DLL Debug.ActiveCfg = Debug|Win32
		{56C0433E-BCA5-4829-80F7-E77DA6BA1F95}.Lib MFC DLL Debug.Build.0 = Debug|Win32
		{56C0433E-BCA5-4829-80F7-E77DA6BA1F95}.Lib MFC DLL Release.ActiveCfg = Release|Win32
		{56C0433E-BCA5-4829-80F7-E77DA6BA1F95}.Lib MFC DLL Release.Build.0 = Release|Win32
		{56C0433E-BCA5-4829-80F7-E77DA6BA1F95}.Lib MFC DLL Unicode Debug.ActiveCfg = Debug|Win32
		{56C0433E-BCA5-4829-80F7-E77DA6BA1F95}.Lib MFC DLL Unicode Debug.Build.0 = Debug|Win32
		{56C0433E-BCA5-4829-80F7-E77DA6BA1F95}.Lib MFC DLL Unicode Release.ActiveCfg = Release|Win32
		{56C0433E-BCA5-4829-80F7-E77DA6BA1F95}.Lib MFC DLL Unicode Release.Build.0 = Release|Win32
		{56C0433E-BCA5-4829-80F7-E77DA6BA1F95}.Lib MFC Lib Debug.ActiveCfg = Debug|Win32
		{56C0433E-BCA5-4829-80F7-E77DA6BA1F95}.Lib MFC Lib Debug.Build.0 = Debug|Win32
		{56C0433E-BCA5-4829-80F7-E77DA6BA1F95}.Lib MFC Lib Release.ActiveCfg = Release|Win32
		{56C0433E-BCA5-4829-80F7-E77DA6BA1F95}.Lib MFC Lib Release.Build.0 = Release|Win32
		{56C0433E-BCA5-4829-80F7-E77DA6BA1F95}.Lib MFC Lib Unicode Debug.ActiveCfg = Debug|Win32
		{56C0433E-BCA5-4829-80F7-E77DA6BA1F95}.Lib MFC Lib Unicode Debug.Build.0 = Debug|Win32
		{56C0433E-BCA5-4829-80F7-E77DA6BA1F95}.Lib MFC Lib Unicode Release.ActiveCfg = Release|Win32
		{56C0433E-BCA5-4829-80F7-E77DA6BA1F95}.Lib MFC Lib Unicode Release.Build.0 = Release|Win32
		{56C0433E-BCA5-4829-80F7-E77DA6BA1F95}.Lib Release.ActiveCfg = Release|Win32
		{56C0433E-BCA5-4829-80F7-E77DA6BA1F95}.Lib Release.Build.0 = Release|Win32
		{56C0433E-BCA5-4829-80F7-E77DA6BA1F95}.Lib Unicode Debug.ActiveCfg = Debug|Win32
		{56C0433E-BCA5-4829-80F7-E77DA6BA1F95}.Lib Unicode Debug.Build.0 = Debug|Win32
		{56C0433E-BCA5-4829-80F7-E77DA6BA1F95}.Lib Unicode Release.ActiveCfg = Release|Win32
		{56C0433E-BCA5-4829-80F7-E77DA6BA1F95}.Lib Unicode Release.Build.0 = Release|Win32
		{56C0433E-BCA5-4829-80F7-E77DA6BA1F95}.Release.ActiveCfg = Release|Win32
		{56C0433E-BCA5-4829-80F7-E77DA6BA1F95}.Release.Build.0 = Release|Win32
		{56C0433E-BCA5-4829-80F7-E77DA6BA1F95}.uni_all.ActiveCfg = Debug|Win32
		{56C0433E-BCA5-4829-80F7-E77DA6BA1F95}.uni_all.Build.0 = Debug|Win32
		{56C0433E-BCA5-4829-80F7-E77DA6BA1F95}.uni_stingraydll_afxdll_dbg.ActiveCfg = Debug|Win32
		{56C0433E-BCA5-4829-80F7-E77DA6BA1F95}.uni_stingraydll_afxdll_dbg.Build.0 = Debug|Win32
		{56C0433E-BCA5-4829-80F7-E77DA6BA1F95}.uni_stingraydll_afxdll_rel.ActiveCfg = Debug|Win32
		{56C0433E-BCA5-4829-80F7-E77DA6BA1F95}.uni_stingraydll_afxdll_rel.Build.0 = Debug|Win32
		{56C0433E-BCA5-4829-80F7-E77DA6BA1F95}.uni_stingraylib_afxdll_dbg.ActiveCfg = Debug|Win32
		{56C0433E-BCA5-4829-80F7-E77DA6BA1F95}.uni_stingraylib_afxdll_dbg.Build.0 = Debug|Win32
		{56C0433E-BCA5-4829-80F7-E77DA6BA1F95}.uni_stingraylib_afxdll_rel.ActiveCfg = Debug|Win32
		{56C0433E-BCA5-4829-80F7-E77DA6BA1F95}.uni_stingraylib_afxdll_rel.Build.0 = Debug|Win32
		{56C0433E-BCA5-4829-80F7-E77DA6BA1F95}.uni_stingraylib_afxlib_dbg.ActiveCfg = Debug|Win32
		{56C0433E-BCA5-4829-80F7-E77DA6BA1F95}.uni_stingraylib_afxlib_dbg.Build.0 = Debug|Win32
		{56C0433E-BCA5-4829-80F7-E77DA6BA1F95}.uni_stingraylib_afxlib_rel.ActiveCfg = Debug|Win32
		{56C0433E-BCA5-4829-80F7-E77DA6BA1F95}.uni_stingraylib_afxlib_rel.Build.0 = Debug|Win32
		{FB011653-2F42-4768-AF13-8EF1F1F9ED98}.all.ActiveCfg = Debug|Win32
		{FB011653-2F42-4768-AF13-8EF1F1F9ED98}.all.Build.0 = Debug|Win32
		{FB011653-2F42-4768-AF13-8EF1F1F9ED98}.All Ascii.ActiveCfg = Debug|Win32
		{FB011653-2F42-4768-AF13-8EF1F1F9ED98}.All Ascii.Build.0 = Debug|Win32
		{FB011653-2F42-4768-AF13-8EF1F1F9ED98}.All MFC Ascii.ActiveCfg = Debug|Win32
		{FB011653-2F42-4768-AF13-8EF1F1F9ED98}.All MFC Ascii.Build.0 = Debug|Win32
		{FB011653-2F42-4768-AF13-8EF1F1F9ED98}.All MFC Unicode.ActiveCfg = Debug|Win32
		{FB011653-2F42-4768-AF13-8EF1F1F9ED98}.All MFC Unicode.Build.0 = Debug|Win32
		{FB011653-2F42-4768-AF13-8EF1F1F9ED98}.All No MFC Ascii.ActiveCfg = Debug|Win32
		{FB011653-2F42-4768-AF13-8EF1F1F9ED98}.All No MFC Ascii.Build.0 = Debug|Win32
		{FB011653-2F42-4768-AF13-8EF1F1F9ED98}.All No MFC Unicode.ActiveCfg = Debug|Win32
		{FB011653-2F42-4768-AF13-8EF1F1F9ED98}.All No MFC Unicode.Build.0 = Debug|Win32
		{FB011653-2F42-4768-AF13-8EF1F1F9ED98}.All Unicode.ActiveCfg = Debug|Win32
		{FB011653-2F42-4768-AF13-8EF1F1F9ED98}.All Unicode.Build.0 = Debug|Win32
		{FB011653-2F42-4768-AF13-8EF1F1F9ED98}.ansi_all.ActiveCfg = Debug|Win32
		{FB011653-2F42-4768-AF13-8EF1F1F9ED98}.ansi_all.Build.0 = Debug|Win32
		{FB011653-2F42-4768-AF13-8EF1F1F9ED98}.ansi_stingraydll_afxdll_dbg.ActiveCfg = Debug|Win32
		{FB011653-2F42-4768-AF13-8EF1F1F9ED98}.ansi_stingraydll_afxdll_dbg.Build.0 = Debug|Win32
		{FB011653-2F42-4768-AF13-8EF1F1F9ED98}.ansi_stingraydll_afxdll_rel.ActiveCfg = Debug|Win32
		{FB011653-2F42-4768-AF13-8EF1F1F9ED98}.ansi_stingraydll_afxdll_rel.Build.0 = Debug|Win32
		{FB011653-2F42-4768-AF13-8EF1F1F9ED98}.ansi_stingraylib_afxdll_dbg.ActiveCfg = Debug|Win32
		{FB011653-2F42-4768-AF13-8EF1F1F9ED98}.ansi_stingraylib_afxdll_dbg.Build.0 = Debug|Win32
		{FB011653-2F42-4768-AF13-8EF1F1F9ED98}.ansi_stingraylib_afxdll_rel.ActiveCfg = Debug|Win32
		{FB011653-2F42-4768-AF13-8EF1F1F9ED98}.ansi_stingraylib_afxdll_rel.Build.0 = Debug|Win32
		{FB011653-2F42-4768-AF13-8EF1F1F9ED98}.ansi_stingraylib_afxlib_dbg.ActiveCfg = Debug|Win32
		{FB011653-2F42-4768-AF13-8EF1F1F9ED98}.ansi_stingraylib_afxlib_dbg.Build.0 = Debug|Win32
		{FB011653-2F42-4768-AF13-8EF1F1F9ED98}.ansi_stingraylib_afxlib_rel.ActiveCfg = Debug|Win32
		{FB011653-2F42-4768-AF13-8EF1F1F9ED98}.ansi_stingraylib_afxlib_rel.Build.0 = Debug|Win32
		{FB011653-2F42-4768-AF13-8EF1F1F9ED98}.Debug.ActiveCfg = Debug|Win32
		{FB011653-2F42-4768-AF13-8EF1F1F9ED98}.Dll Debug.ActiveCfg = Debug|Win32
		{FB011653-2F42-4768-AF13-8EF1F1F9ED98}.Dll Debug.Build.0 = Debug|Win32
		{FB011653-2F42-4768-AF13-8EF1F1F9ED98}.DLL MFC DLL Debug.ActiveCfg = Debug|Win32
		{FB011653-2F42-4768-AF13-8EF1F1F9ED98}.DLL MFC DLL Debug.Build.0 = Debug|Win32
		{FB011653-2F42-4768-AF13-8EF1F1F9ED98}.DLL MFC DLL Release.ActiveCfg = Release|Win32
		{FB011653-2F42-4768-AF13-8EF1F1F9ED98}.DLL MFC DLL Release.Build.0 = Release|Win32
		{FB011653-2F42-4768-AF13-8EF1F1F9ED98}.DLL MFC DLL Unicode Debug.ActiveCfg = Debug|Win32
		{FB011653-2F42-4768-AF13-8EF1F1F9ED98}.DLL MFC DLL Unicode Debug.Build.0 = Debug|Win32
		{FB011653-2F42-4768-AF13-8EF1F1F9ED98}.DLL MFC DLL Unicode Release.ActiveCfg = Release|Win32
		{FB011653-2F42-4768-AF13-8EF1F1F9ED98}.DLL MFC DLL Unicode Release.Build.0 = Release|Win32
		{FB011653-2F42-4768-AF13-8EF1F1F9ED98}.Dll Release.ActiveCfg = Release|Win32
		{FB011653-2F42-4768-AF13-8EF1F1F9ED98}.Dll Release.Build.0 = Release|Win32
		{FB011653-2F42-4768-AF13-8EF1F1F9ED98}.Dll Unicode Debug.ActiveCfg = Debug|Win32
		{FB011653-2F42-4768-AF13-8EF1F1F9ED98}.Dll Unicode Debug.Build.0 = Debug|Win32
		{FB011653-2F42-4768-AF13-8EF1F1F9ED98}.Dll Unicode Release.ActiveCfg = Release|Win32
		{FB011653-2F42-4768-AF13-8EF1F1F9ED98}.Dll Unicode Release.Build.0 = Release|Win32
		{FB011653-2F42-4768-AF13-8EF1F1F9ED98}.Lib Debug.ActiveCfg = Debug|Win32
		{FB011653-2F42-4768-AF13-8EF1F1F9ED98}.Lib Debug.Build.0 = Debug|Win32
		{FB011653-2F42-4768-AF13-8EF1F1F9ED98}.Lib MFC DLL Debug.ActiveCfg = Debug|Win32
		{FB011653-2F42-4768-AF13-8EF1F1F9ED98}.Lib MFC DLL Debug.Build.0 = Debug|Win32
		{FB011653-2F42-4768-AF13-8EF1F1F9ED98}.Lib MFC DLL Release.ActiveCfg = Release|Win32
		{FB011653-2F42-4768-AF13-8EF1F1F9ED98}.Lib MFC DLL Release.Build.0 = Release|Win32
		{FB011653-2F42-4768-AF13-8EF1F1F9ED98}.Lib MFC DLL Unicode Debug.ActiveCfg = Debug|Win32
		{FB011653-2F42-4768-AF13-8EF1F1F9ED98}.Lib MFC DLL Unicode Debug.Build.0 = Debug|Win32
		{FB011653-2F42-4768-AF13-8EF1F1F9ED98}.Lib MFC DLL Unicode Release.ActiveCfg = Release|Win32
		{FB011653-2F42-4768-AF13-8EF1F1F9ED98}.Lib MFC DLL Unicode Release.Build.0 = Release|Win32
		{FB011653-2F42-4768-AF13-8EF1F1F9ED98}.Lib MFC Lib Debug.ActiveCfg = Debug|Win32
		{FB011653-2F42-4768-AF13-8EF1F1F9ED98}.Lib MFC Lib Debug.Build.0 = Debug|Win32
		{FB011653-2F42-4768-AF13-8EF1F1F9ED98}.Lib MFC Lib Release.ActiveCfg = Release|Win32
		{FB011653-2F42-4768-AF13-8EF1F1F9ED98}.Lib MFC Lib Release.Build.0 = Release|Win32
		{FB011653-2F42-4768-AF13-8EF1F1F9ED98}.Lib MFC Lib Unicode Debug.ActiveCfg = Debug|Win32
		{FB011653-2F42-4768-AF13-8EF1F1F9ED98}.Lib MFC Lib Unicode Debug.Build.0 = Debug|Win32
		{FB011653-2F42-4768-AF13-8EF1F1F9ED98}.Lib MFC Lib Unicode Release.ActiveCfg = Release|Win32
		{FB011653-2F42-4768-AF13-8EF1F1F9ED98}.Lib MFC Lib Unicode Release.Build.0 = Release|Win32
		{FB011653-2F42-4768-AF13-8EF1F1F9ED98}.Lib Release.ActiveCfg = Release|Win32
		{FB011653-2F42-4768-AF13-8EF1F1F9ED98}.Lib Release.Build.0 = Release|Win32
		{FB011653-2F42-4768-AF13-8EF1F1F9ED98}.Lib Unicode Debug.ActiveCfg = Debug|Win32
		{FB011653-2F42-4768-AF13-8EF1F1F9ED98}.Lib Unicode Debug.Build.0 = Debug|Win32
		{FB011653-2F42-4768-AF13-8EF1F1F9ED98}.Lib Unicode Release.ActiveCfg = Release|Win32
		{FB011653-2F42-4768-AF13-8EF1F1F9ED98}.Lib Unicode Release.Build.0 = Release|Win32
		{FB011653-2F42-4768-AF13-8EF1F1F9ED98}.Release.ActiveCfg = Debug|Win32
		{FB011653-2F42-4768-AF13-8EF1F1F9ED98}.uni_all.ActiveCfg = Debug|Win32
		{FB011653-2F42-4768-AF13-8EF1F1F9ED98}.uni_all.Build.0 = Debug|Win32
		{FB011653-2F42-4768-AF13-8EF1F1F9ED98}.uni_stingraydll_afxdll_dbg.ActiveCfg = Debug|Win32
		{FB011653-2F42-4768-AF13-8EF1F1F9ED98}.uni_stingraydll_afxdll_dbg.Build.0 = Debug|Win32
		{FB011653-2F42-4768-AF13-8EF1F1F9ED98}.uni_stingraydll_afxdll_rel.ActiveCfg = Debug|Win32
		{FB011653-2F42-4768-AF13-8EF1F1F9ED98}.uni_stingraydll_afxdll_rel.Build.0 = Debug|Win32
		{FB011653-2F42-4768-AF13-8EF1F1F9ED98}.uni_stingraylib_afxdll_dbg.ActiveCfg = Debug|Win32
		{FB011653-2F42-4768-AF13-8EF1F1F9ED98}.uni_stingraylib_afxdll_dbg.Build.0 = Debug|Win32
		{FB011653-2F42-4768-AF13-8EF1F1F9ED98}.uni_stingraylib_afxdll_rel.ActiveCfg = Debug|Win32
		{FB011653-2F42-4768-AF13-8EF1F1F9ED98}.uni_stingraylib_afxdll_rel.Build.0 = Debug|Win32
		{FB011653-2F42-4768-AF13-8EF1F1F9ED98}.uni_stingraylib_afxlib_dbg.ActiveCfg = Debug|Win32
		{FB011653-2F42-4768-AF13-8EF1F1F9ED98}.uni_stingraylib_afxlib_dbg.Build.0 = Debug|Win32
		{FB011653-2F42-4768-AF13-8EF1F1F9ED98}.uni_stingraylib_afxlib_rel.ActiveCfg = Debug|Win32
		{FB011653-2F42-4768-AF13-8EF1F1F9ED98}.uni_stingraylib_afxlib_rel.Build.0 = Debug|Win32
		{5F1F5D2C-4916-47D5-98F5-F97568DBC35E}.all.ActiveCfg = Release|Win32
		{5F1F5D2C-4916-47D5-98F5-F97568DBC35E}.all.Build.0 = Release|Win32
		{5F1F5D2C-4916-47D5-98F5-F97568DBC35E}.All Ascii.ActiveCfg = Release|Win32
		{5F1F5D2C-4916-47D5-98F5-F97568DBC35E}.All Ascii.Build.0 = Release|Win32
		{5F1F5D2C-4916-47D5-98F5-F97568DBC35E}.All MFC Ascii.ActiveCfg = Release|Win32
		{5F1F5D2C-4916-47D5-98F5-F97568DBC35E}.All MFC Ascii.Build.0 = Release|Win32
		{5F1F5D2C-4916-47D5-98F5-F97568DBC35E}.All MFC Unicode.ActiveCfg = Release|Win32
		{5F1F5D2C-4916-47D5-98F5-F97568DBC35E}.All MFC Unicode.Build.0 = Release|Win32
		{5F1F5D2C-4916-47D5-98F5-F97568DBC35E}.All No MFC Ascii.ActiveCfg = Release|Win32
		{5F1F5D2C-4916-47D5-98F5-F97568DBC35E}.All No MFC Ascii.Build.0 = Release|Win32
		{5F1F5D2C-4916-47D5-98F5-F97568DBC35E}.All No MFC Unicode.ActiveCfg = Release|Win32
		{5F1F5D2C-4916-47D5-98F5-F97568DBC35E}.All No MFC Unicode.Build.0 = Release|Win32
		{5F1F5D2C-4916-47D5-98F5-F97568DBC35E}.All Unicode.ActiveCfg = Release|Win32
		{5F1F5D2C-4916-47D5-98F5-F97568DBC35E}.All Unicode.Build.0 = Release|Win32
		{5F1F5D2C-4916-47D5-98F5-F97568DBC35E}.ansi_all.ActiveCfg = Release|Win32
		{5F1F5D2C-4916-47D5-98F5-F97568DBC35E}.ansi_all.Build.0 = Release|Win32
		{5F1F5D2C-4916-47D5-98F5-F97568DBC35E}.ansi_stingraydll_afxdll_dbg.ActiveCfg = Release|Win32
		{5F1F5D2C-4916-47D5-98F5-F97568DBC35E}.ansi_stingraydll_afxdll_dbg.Build.0 = Release|Win32
		{5F1F5D2C-4916-47D5-98F5-F97568DBC35E}.ansi_stingraydll_afxdll_rel.ActiveCfg = Release|Win32
		{5F1F5D2C-4916-47D5-98F5-F97568DBC35E}.ansi_stingraydll_afxdll_rel.Build.0 = Release|Win32
		{5F1F5D2C-4916-47D5-98F5-F97568DBC35E}.ansi_stingraylib_afxdll_dbg.ActiveCfg = Release|Win32
		{5F1F5D2C-4916-47D5-98F5-F97568DBC35E}.ansi_stingraylib_afxdll_dbg.Build.0 = Release|Win32
		{5F1F5D2C-4916-47D5-98F5-F97568DBC35E}.ansi_stingraylib_afxdll_rel.ActiveCfg = Release|Win32
		{5F1F5D2C-4916-47D5-98F5-F97568DBC35E}.ansi_stingraylib_afxdll_rel.Build.0 = Release|Win32
		{5F1F5D2C-4916-47D5-98F5-F97568DBC35E}.ansi_stingraylib_afxlib_dbg.ActiveCfg = Release|Win32
		{5F1F5D2C-4916-47D5-98F5-F97568DBC35E}.ansi_stingraylib_afxlib_dbg.Build.0 = Release|Win32
		{5F1F5D2C-4916-47D5-98F5-F97568DBC35E}.ansi_stingraylib_afxlib_rel.ActiveCfg = Release|Win32
		{5F1F5D2C-4916-47D5-98F5-F97568DBC35E}.ansi_stingraylib_afxlib_rel.Build.0 = Release|Win32
		{5F1F5D2C-4916-47D5-98F5-F97568DBC35E}.Debug.ActiveCfg = Debug|Win32
		{5F1F5D2C-4916-47D5-98F5-F97568DBC35E}.Dll Debug.ActiveCfg = Debug|Win32
		{5F1F5D2C-4916-47D5-98F5-F97568DBC35E}.Dll Debug.Build.0 = Debug|Win32
		{5F1F5D2C-4916-47D5-98F5-F97568DBC35E}.DLL MFC DLL Debug.ActiveCfg = Debug|Win32
		{5F1F5D2C-4916-47D5-98F5-F97568DBC35E}.DLL MFC DLL Debug.Build.0 = Debug|Win32
		{5F1F5D2C-4916-47D5-98F5-F97568DBC35E}.DLL MFC DLL Release.ActiveCfg = Release|Win32
		{5F1F5D2C-4916-47D5-98F5-F97568DBC35E}.DLL MFC DLL Release.Build.0 = Release|Win32
		{5F1F5D2C-4916-47D5-98F5-F97568DBC35E}.DLL MFC DLL Unicode Debug.ActiveCfg = Debug|Win32
		{5F1F5D2C-4916-47D5-98F5-F97568DBC35E}.DLL MFC DLL Unicode Debug.Build.0 = Debug|Win32
		{5F1F5D2C-4916-47D5-98F5-F97568DBC35E}.DLL MFC DLL Unicode Release.ActiveCfg = Release|Win32
		{5F1F5D2C-4916-47D5-98F5-F97568DBC35E}.DLL MFC DLL Unicode Release.Build.0 = Release|Win32
		{5F1F5D2C-4916-47D5-98F5-F97568DBC35E}.Dll Release.ActiveCfg = Release|Win32
		{5F1F5D2C-4916-47D5-98F5-F97568DBC35E}.Dll Release.Build.0 = Release|Win32
		{5F1F5D2C-4916-47D5-98F5-F97568DBC35E}.Dll Unicode Debug.ActiveCfg = Debug|Win32
		{5F1F5D2C-4916-47D5-98F5-F97568DBC35E}.Dll Unicode Debug.Build.0 = Debug|Win32
		{5F1F5D2C-4916-47D5-98F5-F97568DBC35E}.Dll Unicode Release.ActiveCfg = Release|Win32
		{5F1F5D2C-4916-47D5-98F5-F97568DBC35E}.Dll Unicode Release.Build.0 = Release|Win32
		{5F1F5D2C-4916-47D5-98F5-F97568DBC35E}.Lib Debug.ActiveCfg = Debug|Win32
		{5F1F5D2C-4916-47D5-98F5-F97568DBC35E}.Lib Debug.Build.0 = Debug|Win32
		{5F1F5D2C-4916-47D5-98F5-F97568DBC35E}.Lib MFC DLL Debug.ActiveCfg = Debug|Win32
		{5F1F5D2C-4916-47D5-98F5-F97568DBC35E}.Lib MFC DLL Debug.Build.0 = Debug|Win32
		{5F1F5D2C-4916-47D5-98F5-F97568DBC35E}.Lib MFC DLL Release.ActiveCfg = Release|Win32
		{5F1F5D2C-4916-47D5-98F5-F97568DBC35E}.Lib MFC DLL Release.Build.0 = Release|Win32
		{5F1F5D2C-4916-47D5-98F5-F97568DBC35E}.Lib MFC DLL Unicode Debug.ActiveCfg = Debug|Win32
		{5F1F5D2C-4916-47D5-98F5-F97568DBC35E}.Lib MFC DLL Unicode Debug.Build.0 = Debug|Win32
		{5F1F5D2C-4916-47D5-98F5-F97568DBC35E}.Lib MFC DLL Unicode Release.ActiveCfg = Release|Win32
		{5F1F5D2C-4916-47D5-98F5-F97568DBC35E}.Lib MFC DLL Unicode Release.Build.0 = Release|Win32
		{5F1F5D2C-4916-47D5-98F5-F97568DBC35E}.Lib MFC Lib Debug.ActiveCfg = Debug|Win32
		{5F1F5D2C-4916-47D5-98F5-F97568DBC35E}.Lib MFC Lib Debug.Build.0 = Debug|Win32
		{5F1F5D2C-4916-47D5-98F5-F97568DBC35E}.Lib MFC Lib Release.ActiveCfg = Release|Win32
		{5F1F5D2C-4916-47D5-98F5-F97568DBC35E}.Lib MFC Lib Release.Build.0 = Release|Win32
		{5F1F5D2C-4916-47D5-98F5-F97568DBC35E}.Lib MFC Lib Unicode Debug.ActiveCfg = Debug|Win32
		{5F1F5D2C-4916-47D5-98F5-F97568DBC35E}.Lib MFC Lib Unicode Debug.Build.0 = Debug|Win32
		{5F1F5D2C-4916-47D5-98F5-F97568DBC35E}.Lib MFC Lib Unicode Release.ActiveCfg = Release|Win32
		{5F1F5D2C-4916-47D5-98F5-F97568DBC35E}.Lib MFC Lib Unicode Release.Build.0 = Release|Win32
		{5F1F5D2C-4916-47D5-98F5-F97568DBC35E}.Lib Release.ActiveCfg = Release|Win32
		{5F1F5D2C-4916-47D5-98F5-F97568DBC35E}.Lib Release.Build.0 = Release|Win32
		{5F1F5D2C-4916-47D5-98F5-F97568DBC35E}.Lib Unicode Debug.ActiveCfg = Debug|Win32
		{5F1F5D2C-4916-47D5-98F5-F97568DBC35E}.Lib Unicode Debug.Build.0 = Debug|Win32
		{5F1F5D2C-4916-47D5-98F5-F97568DBC35E}.Lib Unicode Release.ActiveCfg = Release|Win32
		{5F1F5D2C-4916-47D5-98F5-F97568DBC35E}.Lib Unicode Release.Build.0 = Release|Win32
		{5F1F5D2C-4916-47D5-98F5-F97568DBC35E}.Release.ActiveCfg = Release|Win32
		{5F1F5D2C-4916-47D5-98F5-F97568DBC35E}.Release.Build.0 = Release|Win32
		{5F1F5D2C-4916-47D5-98F5-F97568DBC35E}.uni_all.ActiveCfg = Release|Win32
		{5F1F5D2C-4916-47D5-98F5-F97568DBC35E}.uni_all.Build.0 = Release|Win32
		{5F1F5D2C-4916-47D5-98F5-F97568DBC35E}.uni_stingraydll_afxdll_dbg.ActiveCfg = Release|Win32
		{5F1F5D2C-4916-47D5-98F5-F97568DBC35E}.uni_stingraydll_afxdll_dbg.Build.0 = Release|Win32
		{5F1F5D2C-4916-47D5-98F5-F97568DBC35E}.uni_stingraydll_afxdll_rel.ActiveCfg = Release|Win32
		{5F1F5D2C-4916-47D5-98F5-F97568DBC35E}.uni_stingraydll_afxdll_rel.Build.0 = Release|Win32
		{5F1F5D2C-4916-47D5-98F5-F97568DBC35E}.uni_stingraylib_afxdll_dbg.ActiveCfg = Release|Win32
		{5F1F5D2C-4916-47D5-98F5-F97568DBC35E}.uni_stingraylib_afxdll_dbg.Build.0 = Release|Win32
		{5F1F5D2C-4916-47D5-98F5-F97568DBC35E}.uni_stingraylib_afxdll_rel.ActiveCfg = Release|Win32
		{5F1F5D2C-4916-47D5-98F5-F97568DBC35E}.uni_stingraylib_afxdll_rel.Build.0 = Release|Win32
		{5F1F5D2C-4916-47D5-98F5-F97568DBC35E}.uni_stingraylib_afxlib_dbg.ActiveCfg = Release|Win32
		{5F1F5D2C-4916-47D5-98F5-F97568DBC35E}.uni_stingraylib_afxlib_dbg.Build.0 = Release|Win32
		{5F1F5D2C-4916-47D5-98F5-F97568DBC35E}.uni_stingraylib_afxlib_rel.ActiveCfg = Release|Win32
		{5F1F5D2C-4916-47D5-98F5-F97568DBC35E}.uni_stingraylib_afxlib_rel.Build.0 = Release|Win32
		{BE9F521B-D203-4485-8694-AA3E5DECD056}.all.ActiveCfg = Release
		{BE9F521B-D203-4485-8694-AA3E5DECD056}.all.Build.0 = Release
		{BE9F521B-D203-4485-8694-AA3E5DECD056}.All Ascii.ActiveCfg = Release
		{BE9F521B-D203-4485-8694-AA3E5DECD056}.All Ascii.Build.0 = Release
		{BE9F521B-D203-4485-8694-AA3E5DECD056}.All MFC Ascii.ActiveCfg = Release
		{BE9F521B-D203-4485-8694-AA3E5DECD056}.All MFC Ascii.Build.0 = Release
		{BE9F521B-D203-4485-8694-AA3E5DECD056}.All MFC Unicode.ActiveCfg = Release
		{BE9F521B-D203-4485-8694-AA3E5DECD056}.All MFC Unicode.Build.0 = Release
		{BE9F521B-D203-4485-8694-AA3E5DECD056}.All No MFC Ascii.ActiveCfg = Release
		{BE9F521B-D203-4485-8694-AA3E5DECD056}.All No MFC Ascii.Build.0 = Release
		{BE9F521B-D203-4485-8694-AA3E5DECD056}.All No MFC Unicode.ActiveCfg = Release
		{BE9F521B-D203-4485-8694-AA3E5DECD056}.All No MFC Unicode.Build.0 = Release
		{BE9F521B-D203-4485-8694-AA3E5DECD056}.All Unicode.ActiveCfg = Release
		{BE9F521B-D203-4485-8694-AA3E5DECD056}.All Unicode.Build.0 = Release
		{BE9F521B-D203-4485-8694-AA3E5DECD056}.ansi_all.ActiveCfg = Release
		{BE9F521B-D203-4485-8694-AA3E5DECD056}.ansi_all.Build.0 = Release
		{BE9F521B-D203-4485-8694-AA3E5DECD056}.ansi_stingraydll_afxdll_dbg.ActiveCfg = Release
		{BE9F521B-D203-4485-8694-AA3E5DECD056}.ansi_stingraydll_afxdll_dbg.Build.0 = Release
		{BE9F521B-D203-4485-8694-AA3E5DECD056}.ansi_stingraydll_afxdll_rel.ActiveCfg = Release
		{BE9F521B-D203-4485-8694-AA3E5DECD056}.ansi_stingraydll_afxdll_rel.Build.0 = Release
		{BE9F521B-D203-4485-8694-AA3E5DECD056}.ansi_stingraylib_afxdll_dbg.ActiveCfg = Release
		{BE9F521B-D203-4485-8694-AA3E5DECD056}.ansi_stingraylib_afxdll_dbg.Build.0 = Release
		{BE9F521B-D203-4485-8694-AA3E5DECD056}.ansi_stingraylib_afxdll_rel.ActiveCfg = Release
		{BE9F521B-D203-4485-8694-AA3E5DECD056}.ansi_stingraylib_afxdll_rel.Build.0 = Release
		{BE9F521B-D203-4485-8694-AA3E5DECD056}.ansi_stingraylib_afxlib_dbg.ActiveCfg = Release
		{BE9F521B-D203-4485-8694-AA3E5DECD056}.ansi_stingraylib_afxlib_dbg.Build.0 = Release
		{BE9F521B-D203-4485-8694-AA3E5DECD056}.ansi_stingraylib_afxlib_rel.ActiveCfg = Release
		{BE9F521B-D203-4485-8694-AA3E5DECD056}.ansi_stingraylib_afxlib_rel.Build.0 = Release
		{BE9F521B-D203-4485-8694-AA3E5DECD056}.Debug.ActiveCfg = Debug
		{BE9F521B-D203-4485-8694-AA3E5DECD056}.Dll Debug.ActiveCfg = Debug
		{BE9F521B-D203-4485-8694-AA3E5DECD056}.Dll Debug.Build.0 = Debug
		{BE9F521B-D203-4485-8694-AA3E5DECD056}.DLL MFC DLL Debug.ActiveCfg = Debug
		{BE9F521B-D203-4485-8694-AA3E5DECD056}.DLL MFC DLL Debug.Build.0 = Debug
		{BE9F521B-D203-4485-8694-AA3E5DECD056}.DLL MFC DLL Release.ActiveCfg = Release
		{BE9F521B-D203-4485-8694-AA3E5DECD056}.DLL MFC DLL Release.Build.0 = Release
		{BE9F521B-D203-4485-8694-AA3E5DECD056}.DLL MFC DLL Unicode Debug.ActiveCfg = Debug
		{BE9F521B-D203-4485-8694-AA3E5DECD056}.DLL MFC DLL Unicode Debug.Build.0 = Debug
		{BE9F521B-D203-4485-8694-AA3E5DECD056}.DLL MFC DLL Unicode Release.ActiveCfg = Release
		{BE9F521B-D203-4485-8694-AA3E5DECD056}.DLL MFC DLL Unicode Release.Build.0 = Release
		{BE9F521B-D203-4485-8694-AA3E5DECD056}.Dll Release.ActiveCfg = Release
		{BE9F521B-D203-4485-8694-AA3E5DECD056}.Dll Release.Build.0 = Release
		{BE9F521B-D203-4485-8694-AA3E5DECD056}.Dll Unicode Debug.ActiveCfg = Debug
		{BE9F521B-D203-4485-8694-AA3E5DECD056}.Dll Unicode Debug.Build.0 = Debug
		{BE9F521B-D203-4485-8694-AA3E5DECD056}.Dll Unicode Release.ActiveCfg = Release
		{BE9F521B-D203-4485-8694-AA3E5DECD056}.Dll Unicode Release.Build.0 = Release
		{BE9F521B-D203-4485-8694-AA3E5DECD056}.Lib Debug.ActiveCfg = Debug
		{BE9F521B-D203-4485-8694-AA3E5DECD056}.Lib Debug.Build.0 = Debug
		{BE9F521B-D203-4485-8694-AA3E5DECD056}.Lib MFC DLL Debug.ActiveCfg = Debug
		{BE9F521B-D203-4485-8694-AA3E5DECD056}.Lib MFC DLL Debug.Build.0 = Debug
		{BE9F521B-D203-4485-8694-AA3E5DECD056}.Lib MFC DLL Release.ActiveCfg = Release
		{BE9F521B-D203-4485-8694-AA3E5DECD056}.Lib MFC DLL Release.Build.0 = Release
		{BE9F521B-D203-4485-8694-AA3E5DECD056}.Lib MFC DLL Unicode Debug.ActiveCfg = Debug
		{BE9F521B-D203-4485-8694-AA3E5DECD056}.Lib MFC DLL Unicode Debug.Build.0 = Debug
		{BE9F521B-D203-4485-8694-AA3E5DECD056}.Lib MFC DLL Unicode Release.ActiveCfg = Release
		{BE9F521B-D203-4485-8694-AA3E5DECD056}.Lib MFC DLL Unicode Release.Build.0 = Release
		{BE9F521B-D203-4485-8694-AA3E5DECD056}.Lib MFC Lib Debug.ActiveCfg = Debug
		{BE9F521B-D203-4485-8694-AA3E5DECD056}.Lib MFC Lib Debug.Build.0 = Debug
		{BE9F521B-D203-4485-8694-AA3E5DECD056}.Lib MFC Lib Release.ActiveCfg = Release
		{BE9F521B-D203-4485-8694-AA3E5DECD056}.Lib MFC Lib Release.Build.0 = Release
		{BE9F521B-D203-4485-8694-AA3E5DECD056}.Lib MFC Lib Unicode Debug.ActiveCfg = Debug
		{BE9F521B-D203-4485-8694-AA3E5DECD056}.Lib MFC Lib Unicode Debug.Build.0 = Debug
		{BE9F521B-D203-4485-8694-AA3E5DECD056}.Lib MFC Lib Unicode Release.ActiveCfg = Release
		{BE9F521B-D203-4485-8694-AA3E5DECD056}.Lib MFC Lib Unicode Release.Build.0 = Release
		{BE9F521B-D203-4485-8694-AA3E5DECD056}.Lib Release.ActiveCfg = Release
		{BE9F521B-D203-4485-8694-AA3E5DECD056}.Lib Release.Build.0 = Release
		{BE9F521B-D203-4485-8694-AA3E5DECD056}.Lib Unicode Debug.ActiveCfg = Debug
		{BE9F521B-D203-4485-8694-AA3E5DECD056}.Lib Unicode Debug.Build.0 = Debug
		{BE9F521B-D203-4485-8694-AA3E5DECD056}.Lib Unicode Release.ActiveCfg = Release
		{BE9F521B-D203-4485-8694-AA3E5DECD056}.Lib Unicode Release.Build.0 = Release
		{BE9F521B-D203-4485-8694-AA3E5DECD056}.Release.ActiveCfg = Release
		{BE9F521B-D203-4485-8694-AA3E5DECD056}.Release.Build.0 = Release
		{BE9F521B-D203-4485-8694-AA3E5DECD056}.uni_all.ActiveCfg = Release
		{BE9F521B-D203-4485-8694-AA3E5DECD056}.uni_all.Build.0 = Release
		{BE9F521B-D203-4485-8694-AA3E5DECD056}.uni_stingraydll_afxdll_dbg.ActiveCfg = Release
		{BE9F521B-D203-4485-8694-AA3E5DECD056}.uni_stingraydll_afxdll_dbg.Build.0 = Release
		{BE9F521B-D203-4485-8694-AA3E5DECD056}.uni_stingraydll_afxdll_rel.ActiveCfg = Release
		{BE9F521B-D203-4485-8694-AA3E5DECD056}.uni_stingraydll_afxdll_rel.Build.0 = Release
		{BE9F521B-D203-4485-8694-AA3E5DECD056}.uni_stingraylib_afxdll_dbg.ActiveCfg = Release
		{BE9F521B-D203-4485-8694-AA3E5DECD056}.uni_stingraylib_afxdll_dbg.Build.0 = Release
		{BE9F521B-D203-4485-8694-AA3E5DECD056}.uni_stingraylib_afxdll_rel.ActiveCfg = Release
		{BE9F521B-D203-4485-8694-AA3E5DECD056}.uni_stingraylib_afxdll_rel.Build.0 = Release
		{BE9F521B-D203-4485-8694-AA3E5DECD056}.uni_stingraylib_afxlib_dbg.ActiveCfg = Release
		{BE9F521B-D203-4485-8694-AA3E5DECD056}.uni_stingraylib_afxlib_dbg.Build.0 = Release
		{BE9F521B-D203-4485-8694-AA3E5DECD056}.uni_stingraylib_afxlib_rel.ActiveCfg = Release
		{BE9F521B-D203-4485-8694-AA3E5DECD056}.uni_stingraylib_afxlib_rel.Build.0 = Release
	EndGlobalSection
	GlobalSection(ExtensibilityGlobals) = postSolution
	EndGlobalSection
	GlobalSection(ExtensibilityAddIns) = postSolution
	EndGlobalSection
EndGlobal
